
Microsoft Visual Studio Solution File, Format Version 12.00
# Visual Studio Version 17
VisualStudioVersion = 17.6.33626.354
MinimumVisualStudioVersion = 10.0.40219.1
Project("{FAE04EC0-301F-11D3-BF4B-00C04F79EFBC}") = "ejemplo1", "ejemplo1\ejemplo1.csproj", "{22361372-E873-4DBF-A889-CED8BC64AC7B}"
EndProject
Global
	GlobalSection(SolutionConfigurationPlatforms) = preSolution
		Debug|Any CPU = Debug|Any CPU
		Release|Any CPU = Release|Any CPU
	EndGlobalSection
	GlobalSection(ProjectConfigurationPlatforms) = postSolution
		{22361372-E873-4DBF-A889-CED8BC64AC7B}.Debug|Any CPU.ActiveCfg = Debug|Any CPU
		{22361372-E873-4DBF-A889-CED8BC64AC7B}.Debug|Any CPU.Build.0 = Debug|Any CPU
		{22361372-E873-4DBF-A889-CED8BC64AC7B}.Release|Any CPU.ActiveCfg = Release|Any CPU
		{22361372-E873-4DBF-A889-CED8BC64AC7B}.Release|Any CPU.Build.0 = Release|Any CPU
	EndGlobalSection
	GlobalSection(SolutionProperties) = preSolution
		HideSolutionNode = FALSE
	EndGlobalSection
	GlobalSection(ExtensibilityGlobals) = postSolution
		SolutionGuid = {E1DFEB60-7AA5-42FC-AF84-8DAA9C5B7C88}
	EndGlobalSection
EndGlobal
